
Microsoft Visual Studio Solution File, Format Version 12.00
# Visual Studio Version 17
VisualStudioVersion = 17.12.35707.178 d17.12
MinimumVisualStudioVersion = 10.0.40219.1
Project("{FAE04EC0-301F-11D3-BF4B-00C04F79EFBC}") = "iBAT_Store", "iBAT_Store.csproj", "{C78BEEC0-CEE7-4A23-96A8-7C1D63C61641}"
EndProject
Project("{FAE04EC0-301F-11D3-BF4B-00C04F79EFBC}") = "iBAT_Store_Business_Layer", "..\iBAT_Store_Business_Layer\iBAT_Store_Business_Layer.csproj", "{62CD2970-AB39-4711-8606-B1F050373403}"
EndProject
Project("{FAE04EC0-301F-11D3-BF4B-00C04F79EFBC}") = "iBAT_Store_DataAccess_Layer", "..\iBAT_Store_DataAccess_Layer\iBAT_Store_DataAccess_Layer.csproj", "{B186CA8F-32E8-4CD3-9762-A32A8785B568}"
EndProject
Global
	GlobalSection(SolutionConfigurationPlatforms) = preSolution
		Debug|Any CPU = Debug|Any CPU
		Release|Any CPU = Release|Any CPU
	EndGlobalSection
	GlobalSection(ProjectConfigurationPlatforms) = postSolution
		{C78BEEC0-CEE7-4A23-96A8-7C1D63C61641}.Debug|Any CPU.ActiveCfg = Debug|Any CPU
		{C78BEEC0-CEE7-4A23-96A8-7C1D63C61641}.Debug|Any CPU.Build.0 = Debug|Any CPU
		{C78BEEC0-CEE7-4A23-96A8-7C1D63C61641}.Release|Any CPU.ActiveCfg = Release|Any CPU
		{C78BEEC0-CEE7-4A23-96A8-7C1D63C61641}.Release|Any CPU.Build.0 = Release|Any CPU
		{62CD2970-AB39-4711-8606-B1F050373403}.Debug|Any CPU.ActiveCfg = Debug|Any CPU
		{62CD2970-AB39-4711-8606-B1F050373403}.Debug|Any CPU.Build.0 = Debug|Any CPU
		{62CD2970-AB39-4711-8606-B1F050373403}.Release|Any CPU.ActiveCfg = Release|Any CPU
		{62CD2970-AB39-4711-8606-B1F050373403}.Release|Any CPU.Build.0 = Release|Any CPU
		{B186CA8F-32E8-4CD3-9762-A32A8785B568}.Debug|Any CPU.ActiveCfg = Debug|Any CPU
		{B186CA8F-32E8-4CD3-9762-A32A8785B568}.Debug|Any CPU.Build.0 = Debug|Any CPU
		{B186CA8F-32E8-4CD3-9762-A32A8785B568}.Release|Any CPU.ActiveCfg = Release|Any CPU
		{B186CA8F-32E8-4CD3-9762-A32A8785B568}.Release|Any CPU.Build.0 = Release|Any CPU
	EndGlobalSection
	GlobalSection(SolutionProperties) = preSolution
		HideSolutionNode = FALSE
	EndGlobalSection
EndGlobal
